{
  "name": "ts-to-scala-parser",
  "version": "0.1",
  "lockfileVersion": 1,
  "requires": true,
  "dependencies": {
    "@types/node": {
      "version": "11.10.5",
      "resolved": "https://registry.npmjs.org/@types/node/-/node-11.10.5.tgz",
      "integrity": "sha512-DuIRlQbX4K+d5I+GMnv+UfnGh+ist0RdlvOp+JZ7ePJ6KQONCFQv/gKYSU1ZzbVdFSUCKZOltjmpFAGGv5MdYA==",
      "dev": true
    },
    "@types/yargs": {
      "version": "12.0.9",
      "resolved": "https://registry.npmjs.org/@types/yargs/-/yargs-12.0.9.tgz",
      "integrity": "sha512-sCZy4SxP9rN2w30Hlmg5dtdRwgYQfYRiLo9usw8X9cxlf+H4FqM1xX7+sNH7NNKVdbXMJWqva7iyy+fxh/V7fA=="
    }
  }
}
